
Microsoft Visual Studio Solution File, Format Version 12.00
# Visual Studio Version 17
VisualStudioVersion = 17.14.36705.20
MinimumVisualStudioVersion = 10.0.40219.1
Project("{FAE04EC0-301F-11D3-BF4B-00C04F79EFBC}") = "ViabilityIQ.Web", "ViabilityIQ.Web\ViabilityIQ.Web.csproj", "{81DFC5DB-5865-459D-B8C8-278EC8A39A99}"
EndProject
Project("{FAE04EC0-301F-11D3-BF4B-00C04F79EFBC}") = "ViabilityIQ.Infrastructure", "ViabilityIQ.Infrastructure\ViabilityIQ.Infrastructure.csproj", "{939EC990-F49B-4891-A6AC-D437A4F4009F}"
EndProject
Project("{FAE04EC0-301F-11D3-BF4B-00C04F79EFBC}") = "ViabilityIQ.Shared", "ViabilityIQ.Shared\ViabilityIQ.Shared.csproj", "{4D076727-5ED1-476B-8F02-0A0F9878A5FE}"
EndProject
Project("{FAE04EC0-301F-11D3-BF4B-00C04F79EFBC}") = "ViabilityIQ.Application", "ViabilityIQ.Database\ViabilityIQ.Application.csproj", "{0404B46D-35F9-453D-9F36-B6D9B8A5AC23}"
EndProject
Project("{FAE04EC0-301F-11D3-BF4B-00C04F79EFBC}") = "ViabilityIQ.Modules", "ViabilityIQ.Modules\ViabilityIQ.Modules.csproj", "{7230EE54-070D-4494-A334-912F8F67421A}"
EndProject
Global
	GlobalSection(SolutionConfigurationPlatforms) = preSolution
		Debug|Any CPU = Debug|Any CPU
		Release|Any CPU = Release|Any CPU
	EndGlobalSection
	GlobalSection(ProjectConfigurationPlatforms) = postSolution
		{81DFC5DB-5865-459D-B8C8-278EC8A39A99}.Debug|Any CPU.ActiveCfg = Debug|Any CPU
		{81DFC5DB-5865-459D-B8C8-278EC8A39A99}.Debug|Any CPU.Build.0 = Debug|Any CPU
		{81DFC5DB-5865-459D-B8C8-278EC8A39A99}.Release|Any CPU.ActiveCfg = Release|Any CPU
		{81DFC5DB-5865-459D-B8C8-278EC8A39A99}.Release|Any CPU.Build.0 = Release|Any CPU
		{939EC990-F49B-4891-A6AC-D437A4F4009F}.Debug|Any CPU.ActiveCfg = Debug|Any CPU
		{939EC990-F49B-4891-A6AC-D437A4F4009F}.Debug|Any CPU.Build.0 = Debug|Any CPU
		{939EC990-F49B-4891-A6AC-D437A4F4009F}.Release|Any CPU.ActiveCfg = Release|Any CPU
		{939EC990-F49B-4891-A6AC-D437A4F4009F}.Release|Any CPU.Build.0 = Release|Any CPU
		{4D076727-5ED1-476B-8F02-0A0F9878A5FE}.Debug|Any CPU.ActiveCfg = Debug|Any CPU
		{4D076727-5ED1-476B-8F02-0A0F9878A5FE}.Debug|Any CPU.Build.0 = Debug|Any CPU
		{4D076727-5ED1-476B-8F02-0A0F9878A5FE}.Release|Any CPU.ActiveCfg = Release|Any CPU
		{4D076727-5ED1-476B-8F02-0A0F9878A5FE}.Release|Any CPU.Build.0 = Release|Any CPU
		{0404B46D-35F9-453D-9F36-B6D9B8A5AC23}.Debug|Any CPU.ActiveCfg = Debug|Any CPU
		{0404B46D-35F9-453D-9F36-B6D9B8A5AC23}.Debug|Any CPU.Build.0 = Debug|Any CPU
		{0404B46D-35F9-453D-9F36-B6D9B8A5AC23}.Release|Any CPU.ActiveCfg = Release|Any CPU
		{0404B46D-35F9-453D-9F36-B6D9B8A5AC23}.Release|Any CPU.Build.0 = Release|Any CPU
		{7230EE54-070D-4494-A334-912F8F67421A}.Debug|Any CPU.ActiveCfg = Debug|Any CPU
		{7230EE54-070D-4494-A334-912F8F67421A}.Debug|Any CPU.Build.0 = Debug|Any CPU
		{7230EE54-070D-4494-A334-912F8F67421A}.Release|Any CPU.ActiveCfg = Release|Any CPU
		{7230EE54-070D-4494-A334-912F8F67421A}.Release|Any CPU.Build.0 = Release|Any CPU
	EndGlobalSection
	GlobalSection(SolutionProperties) = preSolution
		HideSolutionNode = FALSE
	EndGlobalSection
	GlobalSection(ExtensibilityGlobals) = postSolution
		SolutionGuid = {42F595FD-A485-4B85-B06E-643CD676F747}
	EndGlobalSection
EndGlobal
